schema: '2.0'
stages:
  experiment:
    cmd: python src/experiment.py
    deps:
    - path: src/experiment.py
      hash: md5
      md5: 8aaca40cb879f45665501f3a301fc4bf
      size: 526
    params:
      params.yaml:
        experiment.name: shining_moonlight
    outs:
    - path: data/output.log
      hash: md5
      md5: 9d753f80a6267d0fd8430a5b5ad2a5ba
      size: 69
  experiment_2:
    cmd: python src/experiment_2.py
    deps:
    - path: src/experiment_2.py
      hash: md5
      md5: 8603c6b05b5acf988dc95d33b3cacbb1
      size: 560
    params:
      params.yaml:
        experiment_2.names:
        - red_apple
        - brown_kiwi
        - orange_orange
    outs:
    - path: data/output_2.log
      hash: md5
      md5: 4b1b4647555fce3c4e82188c39648bc2
      size: 86
